
Microsoft Visual Studio Solution File, Format Version 12.00
# Visual Studio Version 16
VisualStudioVersion = 16.0.30523.141
MinimumVisualStudioVersion = 10.0.40219.1
Project("{FAE04EC0-301F-11D3-BF4B-00C04F79EFBC}") = "Ejercicio 10", "Ejercicio 10\Ejercicio 10.csproj", "{C326F2A0-59CC-47B7-B988-44FE9B5F74CA}"
EndProject
Global
	GlobalSection(SolutionConfigurationPlatforms) = preSolution
		Debug|Any CPU = Debug|Any CPU
		Release|Any CPU = Release|Any CPU
	EndGlobalSection
	GlobalSection(ProjectConfigurationPlatforms) = postSolution
		{C326F2A0-59CC-47B7-B988-44FE9B5F74CA}.Debug|Any CPU.ActiveCfg = Debug|Any CPU
		{C326F2A0-59CC-47B7-B988-44FE9B5F74CA}.Debug|Any CPU.Build.0 = Debug|Any CPU
		{C326F2A0-59CC-47B7-B988-44FE9B5F74CA}.Release|Any CPU.ActiveCfg = Release|Any CPU
		{C326F2A0-59CC-47B7-B988-44FE9B5F74CA}.Release|Any CPU.Build.0 = Release|Any CPU
	EndGlobalSection
	GlobalSection(SolutionProperties) = preSolution
		HideSolutionNode = FALSE
	EndGlobalSection
	GlobalSection(ExtensibilityGlobals) = postSolution
		SolutionGuid = {33A5E933-B66C-4D05-9BC8-EE1EA28A9E80}
	EndGlobalSection
EndGlobal
